
Microsoft Visual Studio Solution File, Format Version 12.00
# Visual Studio 15
VisualStudioVersion = 15.0.27703.2026
MinimumVisualStudioVersion = 10.0.40219.1
Project("{FAE04EC0-301F-11D3-BF4B-00C04F79EFBC}") = "MyWebApp1", "MyWebApp1\MyWebApp1.csproj", "{C312015E-A999-43D2-8F92-97D654FB8844}"
EndProject
Project("{FAE04EC0-301F-11D3-BF4B-00C04F79EFBC}") = "MyWebApp2", "MyWebApp2\MyWebApp2.csproj", "{45A4D51F-4DB6-42C6-BB6F-7A7A1699A8E9}"
EndProject
Project("{FAE04EC0-301F-11D3-BF4B-00C04F79EFBC}") = "ClassLibrary1", "ClassLibrary1\ClassLibrary1.csproj", "{C0844648-87BF-4220-A92A-DB61DAC9D474}"
EndProject
Global
	GlobalSection(SolutionConfigurationPlatforms) = preSolution
		Debug|Any CPU = Debug|Any CPU
		Release|Any CPU = Release|Any CPU
	EndGlobalSection
	GlobalSection(ProjectConfigurationPlatforms) = postSolution
		{C312015E-A999-43D2-8F92-97D654FB8844}.Debug|Any CPU.ActiveCfg = Debug|Any CPU
		{C312015E-A999-43D2-8F92-97D654FB8844}.Debug|Any CPU.Build.0 = Debug|Any CPU
		{C312015E-A999-43D2-8F92-97D654FB8844}.Release|Any CPU.ActiveCfg = Release|Any CPU
		{C312015E-A999-43D2-8F92-97D654FB8844}.Release|Any CPU.Build.0 = Release|Any CPU
		{45A4D51F-4DB6-42C6-BB6F-7A7A1699A8E9}.Debug|Any CPU.ActiveCfg = Debug|Any CPU
		{45A4D51F-4DB6-42C6-BB6F-7A7A1699A8E9}.Debug|Any CPU.Build.0 = Debug|Any CPU
		{45A4D51F-4DB6-42C6-BB6F-7A7A1699A8E9}.Release|Any CPU.ActiveCfg = Release|Any CPU
		{45A4D51F-4DB6-42C6-BB6F-7A7A1699A8E9}.Release|Any CPU.Build.0 = Release|Any CPU
		{C0844648-87BF-4220-A92A-DB61DAC9D474}.Debug|Any CPU.ActiveCfg = Debug|Any CPU
		{C0844648-87BF-4220-A92A-DB61DAC9D474}.Debug|Any CPU.Build.0 = Debug|Any CPU
		{C0844648-87BF-4220-A92A-DB61DAC9D474}.Release|Any CPU.ActiveCfg = Release|Any CPU
		{C0844648-87BF-4220-A92A-DB61DAC9D474}.Release|Any CPU.Build.0 = Release|Any CPU
	EndGlobalSection
	GlobalSection(SolutionProperties) = preSolution
		HideSolutionNode = FALSE
	EndGlobalSection
	GlobalSection(ExtensibilityGlobals) = postSolution
		SolutionGuid = {46784E36-D057-40D3-8513-BABE811F004A}
	EndGlobalSection
EndGlobal
